{
  "name": "backend-cv-generator",
  "version": "1.0.0",
  "lockfileVersion": 3,
  "requires": true,
  "packages": {
    "": {
      "name": "backend-cv-generator",
      "version": "1.0.0",
      "license": "ISC",
      "dependencies": {
        "backend-cv-generator": "file:"
      }
    },
    "node_modules/backend-cv-generator": {
      "resolved": "",
      "link": true
    }
  }
}
